
Microsoft Visual Studio Solution File, Format Version 12.00
# Visual Studio Version 17
VisualStudioVersion = 17.4.33122.133
MinimumVisualStudioVersion = 10.0.40219.1
Project("{9A19103F-16F7-4668-BE54-9A1E7A4F7556}") = "NoxusBoss", "NoxusBoss.csproj", "{548EB3AB-791C-4C7F-B080-15927699E823}"
EndProject
Global
	GlobalSection(SolutionConfigurationPlatforms) = preSolution
		Debug|Any CPU = Debug|Any CPU
		Release|Any CPU = Release|Any CPU
	EndGlobalSection
	GlobalSection(ProjectConfigurationPlatforms) = postSolution
		{548EB3AB-791C-4C7F-B080-15927699E823}.Debug|Any CPU.ActiveCfg = Debug|Any CPU
		{548EB3AB-791C-4C7F-B080-15927699E823}.Debug|Any CPU.Build.0 = Debug|Any CPU
		{548EB3AB-791C-4C7F-B080-15927699E823}.Release|Any CPU.ActiveCfg = Release|Any CPU
		{548EB3AB-791C-4C7F-B080-15927699E823}.Release|Any CPU.Build.0 = Release|Any CPU
	EndGlobalSection
	GlobalSection(SolutionProperties) = preSolution
		HideSolutionNode = FALSE
	EndGlobalSection
	GlobalSection(ExtensibilityGlobals) = postSolution
		SolutionGuid = {6E4C9A71-413F-404C-B746-0D2BD30E56E0}
	EndGlobalSection
EndGlobal
